
Microsoft Visual Studio Solution File, Format Version 12.00
# Visual Studio Version 16
VisualStudioVersion = 16.0.29926.136
MinimumVisualStudioVersion = 10.0.40219.1
Project("{9A19103F-16F7-4668-BE54-9A1E7A4F7556}") = "Calculator.Tests", "Calculator\Calculator.Tests.csproj", "{2D9D7AC9-ADB8-472A-BCF9-B86A54C9A219}"
EndProject
Project("{FAE04EC0-301F-11D3-BF4B-00C04F79EFBC}") = "Calculator", "..\Calculator\Calculator.csproj", "{8CBEF2DC-16D5-455B-B787-E35C70245002}"
EndProject
Global
	GlobalSection(SolutionConfigurationPlatforms) = preSolution
		Debug|Any CPU = Debug|Any CPU
		Release|Any CPU = Release|Any CPU
	EndGlobalSection
	GlobalSection(ProjectConfigurationPlatforms) = postSolution
		{2D9D7AC9-ADB8-472A-BCF9-B86A54C9A219}.Debug|Any CPU.ActiveCfg = Debug|Any CPU
		{2D9D7AC9-ADB8-472A-BCF9-B86A54C9A219}.Debug|Any CPU.Build.0 = Debug|Any CPU
		{2D9D7AC9-ADB8-472A-BCF9-B86A54C9A219}.Release|Any CPU.ActiveCfg = Release|Any CPU
		{2D9D7AC9-ADB8-472A-BCF9-B86A54C9A219}.Release|Any CPU.Build.0 = Release|Any CPU
		{8CBEF2DC-16D5-455B-B787-E35C70245002}.Debug|Any CPU.ActiveCfg = Debug|Any CPU
		{8CBEF2DC-16D5-455B-B787-E35C70245002}.Debug|Any CPU.Build.0 = Debug|Any CPU
		{8CBEF2DC-16D5-455B-B787-E35C70245002}.Release|Any CPU.ActiveCfg = Release|Any CPU
		{8CBEF2DC-16D5-455B-B787-E35C70245002}.Release|Any CPU.Build.0 = Release|Any CPU
	EndGlobalSection
	GlobalSection(SolutionProperties) = preSolution
		HideSolutionNode = FALSE
	EndGlobalSection
	GlobalSection(ExtensibilityGlobals) = postSolution
		SolutionGuid = {644FDEB5-8BD7-41D8-B7AB-D457E7EB3457}
	EndGlobalSection
EndGlobal
